# This file is automatically @generated by rotriever.
# It is not intended for manual editing.
lockfile_format_version = 4

[[package]]
name = "Boolean"
version = "1.2.3"
commit = "d807a0a380625c6556edceb5849e74793b874027"
source = "url+https://github.com/roblox/luau-polyfill"
dependencies = ["Number Number 1.2.3 url+https://github.com/roblox/luau-polyfill"]

[[package]]
name = "Collections"
version = "1.2.3"
commit = "d807a0a380625c6556edceb5849e74793b874027"
source = "url+https://github.com/roblox/luau-polyfill"
dependencies = [
    "ES7Types ES7Types 1.2.3 url+https://github.com/roblox/luau-polyfill",
    "InstanceOf InstanceOf 1.2.3 url+https://github.com/roblox/luau-polyfill",
]

[[package]]
name = "Console"
version = "1.2.3"
commit = "d807a0a380625c6556edceb5849e74793b874027"
source = "url+https://github.com/roblox/luau-polyfill"
dependencies = ["Collections Collections 1.2.3 url+https://github.com/roblox/luau-polyfill"]

[[package]]
name = "Cryo"
version = "1.0.3"
commit = "4132e8acca97a059823660edfc88f801bedead9b"
source = "url+https://github.com/roblox/cryo-internal"

[[package]]
name = "ES7Types"
version = "1.2.3"
commit = "d807a0a380625c6556edceb5849e74793b874027"
source = "url+https://github.com/roblox/luau-polyfill"

[[package]]
name = "InstanceOf"
version = "1.2.3"
commit = "d807a0a380625c6556edceb5849e74793b874027"
source = "url+https://github.com/roblox/luau-polyfill"

[[package]]
name = "LuauPolyfill"
version = "1.2.3"
commit = "d807a0a380625c6556edceb5849e74793b874027"
source = "url+https://github.com/roblox/luau-polyfill"
dependencies = [
    "Boolean Boolean 1.2.3 url+https://github.com/roblox/luau-polyfill",
    "Collections Collections 1.2.3 url+https://github.com/roblox/luau-polyfill",
    "Console Console 1.2.3 url+https://github.com/roblox/luau-polyfill",
    "ES7Types ES7Types 1.2.3 url+https://github.com/roblox/luau-polyfill",
    "InstanceOf InstanceOf 1.2.3 url+https://github.com/roblox/luau-polyfill",
    "Math Math 1.2.3 url+https://github.com/roblox/luau-polyfill",
    "Number Number 1.2.3 url+https://github.com/roblox/luau-polyfill",
    "String String 1.2.3 url+https://github.com/roblox/luau-polyfill",
    "Symbol Symbol 1.0.0 url+https://github.com/roblox/symbol-luau",
    "Timers Timers 1.2.3 url+https://github.com/roblox/luau-polyfill",
]

[[package]]
name = "Math"
version = "1.2.3"
commit = "d807a0a380625c6556edceb5849e74793b874027"
source = "url+https://github.com/roblox/luau-polyfill"

[[package]]
name = "Number"
version = "1.2.3"
commit = "d807a0a380625c6556edceb5849e74793b874027"
source = "url+https://github.com/roblox/luau-polyfill"

[[package]]
name = "Promise"
version = "3.3.0"
commit = "4508fc738f73c555ceebeb89e7dff1427b8f1e8b"
source = "url+https://github.com/roblox/roblox-lua-promise"

[[package]]
name = "React"
version = "17.0.1"
commit = "b3b85b9e989ca24d4e39ff716a77409778aeac79"
source = "url+https://github.com/roblox/roact-alignment"
dependencies = [
    "LuauPolyfill LuauPolyfill 1.2.3 url+https://github.com/roblox/luau-polyfill",
    "Shared Shared 17.0.1 url+https://github.com/roblox/roact-alignment",
]

[[package]]
name = "ReactReconciler"
version = "17.0.1"
commit = "b3b85b9e989ca24d4e39ff716a77409778aeac79"
source = "url+https://github.com/roblox/roact-alignment"
dependencies = [
    "LuauPolyfill LuauPolyfill 1.2.3 url+https://github.com/roblox/luau-polyfill",
    "Promise Promise 3.3.0 url+https://github.com/roblox/roblox-lua-promise",
    "React React 17.0.1 url+https://github.com/roblox/roact-alignment",
    "Scheduler Scheduler 17.0.1 url+https://github.com/roblox/roact-alignment",
    "Shared Shared 17.0.1 url+https://github.com/roblox/roact-alignment",
]

[[package]]
name = "ReactRoblox"
version = "17.0.1"
commit = "b3b85b9e989ca24d4e39ff716a77409778aeac79"
source = "url+https://github.com/roblox/roact-alignment"
dependencies = [
    "LuauPolyfill LuauPolyfill 1.2.3 url+https://github.com/roblox/luau-polyfill",
    "React React 17.0.1 url+https://github.com/roblox/roact-alignment",
    "ReactReconciler ReactReconciler 17.0.1 url+https://github.com/roblox/roact-alignment",
    "Scheduler Scheduler 17.0.1 url+https://github.com/roblox/roact-alignment",
    "Shared Shared 17.0.1 url+https://github.com/roblox/roact-alignment",
]

[[package]]
name = "Scheduler"
version = "17.0.1"
commit = "b3b85b9e989ca24d4e39ff716a77409778aeac79"
source = "url+https://github.com/roblox/roact-alignment"
dependencies = [
    "LuauPolyfill LuauPolyfill 1.2.3 url+https://github.com/roblox/luau-polyfill",
    "Shared Shared 17.0.1 url+https://github.com/roblox/roact-alignment",
]

[[package]]
name = "Shared"
version = "17.0.1"
commit = "b3b85b9e989ca24d4e39ff716a77409778aeac79"
source = "url+https://github.com/roblox/roact-alignment"
dependencies = ["LuauPolyfill LuauPolyfill 1.2.3 url+https://github.com/roblox/luau-polyfill"]

[[package]]
name = "String"
version = "1.2.3"
commit = "d807a0a380625c6556edceb5849e74793b874027"
source = "url+https://github.com/roblox/luau-polyfill"
dependencies = [
    "ES7Types ES7Types 1.2.3 url+https://github.com/roblox/luau-polyfill",
    "Number Number 1.2.3 url+https://github.com/roblox/luau-polyfill",
]

[[package]]
name = "Symbol"
version = "1.0.0"
commit = "40c59941e6cbc9486cd19bc9804b05b9c43f6e51"
source = "url+https://github.com/roblox/symbol-luau"

[[package]]
name = "Timers"
version = "1.2.3"
commit = "d807a0a380625c6556edceb5849e74793b874027"
source = "url+https://github.com/roblox/luau-polyfill"
dependencies = ["Collections Collections 1.2.3 url+https://github.com/roblox/luau-polyfill"]

[[package]]
name = "roblox-photoshop-plugin"
version = "0.1.0"
dependencies = [
    "Cryo Cryo 1.0.3 url+https://github.com/roblox/cryo-internal",
    "React React 17.0.1 url+https://github.com/roblox/roact-alignment",
    "ReactRoblox ReactRoblox 17.0.1 url+https://github.com/roblox/roact-alignment",
]
